
Microsoft Visual Studio Solution File, Format Version 12.00
# Visual Studio 15
VisualStudioVersion = 15.0.26124.0
MinimumVisualStudioVersion = 15.0.26124.0
Project("{FAE04EC0-301F-11D3-BF4B-00C04F79EFBC}") = "basic-api-collection", "Collection\basic-api-collection.csproj", "{F0C2257B-DF62-4968-AD7F-2BAA16BA1027}"
EndProject
Project("{FAE04EC0-301F-11D3-BF4B-00C04F79EFBC}") = "Collection.Tests", "Collection.Tests\Collection.Tests.csproj", "{917BB623-AD23-4B97-A8BC-6AFF37511113}"
EndProject
Global
	GlobalSection(SolutionConfigurationPlatforms) = preSolution
		Debug|Any CPU = Debug|Any CPU
		Debug|x64 = Debug|x64
		Debug|x86 = Debug|x86
		Release|Any CPU = Release|Any CPU
		Release|x64 = Release|x64
		Release|x86 = Release|x86
	EndGlobalSection
	GlobalSection(SolutionProperties) = preSolution
		HideSolutionNode = FALSE
	EndGlobalSection
	GlobalSection(ProjectConfigurationPlatforms) = postSolution
		{F0C2257B-DF62-4968-AD7F-2BAA16BA1027}.Debug|Any CPU.ActiveCfg = Debug|Any CPU
		{F0C2257B-DF62-4968-AD7F-2BAA16BA1027}.Debug|Any CPU.Build.0 = Debug|Any CPU
		{F0C2257B-DF62-4968-AD7F-2BAA16BA1027}.Debug|x64.ActiveCfg = Debug|Any CPU
		{F0C2257B-DF62-4968-AD7F-2BAA16BA1027}.Debug|x64.Build.0 = Debug|Any CPU
		{F0C2257B-DF62-4968-AD7F-2BAA16BA1027}.Debug|x86.ActiveCfg = Debug|Any CPU
		{F0C2257B-DF62-4968-AD7F-2BAA16BA1027}.Debug|x86.Build.0 = Debug|Any CPU
		{F0C2257B-DF62-4968-AD7F-2BAA16BA1027}.Release|Any CPU.ActiveCfg = Release|Any CPU
		{F0C2257B-DF62-4968-AD7F-2BAA16BA1027}.Release|Any CPU.Build.0 = Release|Any CPU
		{F0C2257B-DF62-4968-AD7F-2BAA16BA1027}.Release|x64.ActiveCfg = Release|Any CPU
		{F0C2257B-DF62-4968-AD7F-2BAA16BA1027}.Release|x64.Build.0 = Release|Any CPU
		{F0C2257B-DF62-4968-AD7F-2BAA16BA1027}.Release|x86.ActiveCfg = Release|Any CPU
		{F0C2257B-DF62-4968-AD7F-2BAA16BA1027}.Release|x86.Build.0 = Release|Any CPU
		{917BB623-AD23-4B97-A8BC-6AFF37511113}.Debug|Any CPU.ActiveCfg = Debug|Any CPU
		{917BB623-AD23-4B97-A8BC-6AFF37511113}.Debug|Any CPU.Build.0 = Debug|Any CPU
		{917BB623-AD23-4B97-A8BC-6AFF37511113}.Debug|x64.ActiveCfg = Debug|Any CPU
		{917BB623-AD23-4B97-A8BC-6AFF37511113}.Debug|x64.Build.0 = Debug|Any CPU
		{917BB623-AD23-4B97-A8BC-6AFF37511113}.Debug|x86.ActiveCfg = Debug|Any CPU
		{917BB623-AD23-4B97-A8BC-6AFF37511113}.Debug|x86.Build.0 = Debug|Any CPU
		{917BB623-AD23-4B97-A8BC-6AFF37511113}.Release|Any CPU.ActiveCfg = Release|Any CPU
		{917BB623-AD23-4B97-A8BC-6AFF37511113}.Release|Any CPU.Build.0 = Release|Any CPU
		{917BB623-AD23-4B97-A8BC-6AFF37511113}.Release|x64.ActiveCfg = Release|Any CPU
		{917BB623-AD23-4B97-A8BC-6AFF37511113}.Release|x64.Build.0 = Release|Any CPU
		{917BB623-AD23-4B97-A8BC-6AFF37511113}.Release|x86.ActiveCfg = Release|Any CPU
		{917BB623-AD23-4B97-A8BC-6AFF37511113}.Release|x86.Build.0 = Release|Any CPU
	EndGlobalSection
EndGlobal
